
Microsoft Visual Studio Solution File, Format Version 12.00
# Visual Studio Version 16
VisualStudioVersion = 16.0.31112.23
MinimumVisualStudioVersion = 10.0.40219.1
Project("{FAE04EC0-301F-11D3-BF4B-00C04F79EFBC}") = "OOP6", "OOP6.csproj", "{ACBC6697-0F2A-408C-BBD6-A0855C6CAA75}"
EndProject
Global
	GlobalSection(SolutionConfigurationPlatforms) = preSolution
		Debug|Any CPU = Debug|Any CPU
		Release|Any CPU = Release|Any CPU
	EndGlobalSection
	GlobalSection(ProjectConfigurationPlatforms) = postSolution
		{ACBC6697-0F2A-408C-BBD6-A0855C6CAA75}.Debug|Any CPU.ActiveCfg = Debug|Any CPU
		{ACBC6697-0F2A-408C-BBD6-A0855C6CAA75}.Debug|Any CPU.Build.0 = Debug|Any CPU
		{ACBC6697-0F2A-408C-BBD6-A0855C6CAA75}.Release|Any CPU.ActiveCfg = Release|Any CPU
		{ACBC6697-0F2A-408C-BBD6-A0855C6CAA75}.Release|Any CPU.Build.0 = Release|Any CPU
	EndGlobalSection
	GlobalSection(SolutionProperties) = preSolution
		HideSolutionNode = FALSE
	EndGlobalSection
	GlobalSection(ExtensibilityGlobals) = postSolution
		SolutionGuid = {3991266C-910E-4F95-896D-F8766FA5C771}
	EndGlobalSection
EndGlobal
